
Microsoft Visual Studio Solution File, Format Version 12.00
# Visual Studio Version 16
VisualStudioVersion = 16.0.30011.22
MinimumVisualStudioVersion = 10.0.40219.1
Project("{FAE04EC0-301F-11D3-BF4B-00C04F79EFBC}") = "ConsoleApplication", "ConsoleApplication\ConsoleApplication.csproj", "{66C89640-BA84-4607-9028-F27271EAA37D}"
EndProject
Global
	GlobalSection(SolutionConfigurationPlatforms) = preSolution
		Debug|Any CPU = Debug|Any CPU
		Release|Any CPU = Release|Any CPU
	EndGlobalSection
	GlobalSection(ProjectConfigurationPlatforms) = postSolution
		{66C89640-BA84-4607-9028-F27271EAA37D}.Debug|Any CPU.ActiveCfg = Debug|Any CPU
		{66C89640-BA84-4607-9028-F27271EAA37D}.Debug|Any CPU.Build.0 = Debug|Any CPU
		{66C89640-BA84-4607-9028-F27271EAA37D}.Release|Any CPU.ActiveCfg = Release|Any CPU
		{66C89640-BA84-4607-9028-F27271EAA37D}.Release|Any CPU.Build.0 = Release|Any CPU
	EndGlobalSection
	GlobalSection(SolutionProperties) = preSolution
		HideSolutionNode = FALSE
	EndGlobalSection
	GlobalSection(ExtensibilityGlobals) = postSolution
		SolutionGuid = {F93394D8-8BFD-41E4-8D9A-8A6D8FBDEC62}
	EndGlobalSection
EndGlobal
